
Microsoft Visual Studio Solution File, Format Version 12.00
# Visual Studio Version 17
VisualStudioVersion = 17.8.34309.116
MinimumVisualStudioVersion = 10.0.40219.1
Project("{FAE04EC0-301F-11D3-BF4B-00C04F79EFBC}") = "pelicula array", "pelicula array.csproj", "{E4EE20FB-94BB-4BBF-A5FE-D16F04235767}"
EndProject
Global
	GlobalSection(SolutionConfigurationPlatforms) = preSolution
		Debug|Any CPU = Debug|Any CPU
		Release|Any CPU = Release|Any CPU
	EndGlobalSection
	GlobalSection(ProjectConfigurationPlatforms) = postSolution
		{E4EE20FB-94BB-4BBF-A5FE-D16F04235767}.Debug|Any CPU.ActiveCfg = Debug|Any CPU
		{E4EE20FB-94BB-4BBF-A5FE-D16F04235767}.Debug|Any CPU.Build.0 = Debug|Any CPU
		{E4EE20FB-94BB-4BBF-A5FE-D16F04235767}.Release|Any CPU.ActiveCfg = Release|Any CPU
		{E4EE20FB-94BB-4BBF-A5FE-D16F04235767}.Release|Any CPU.Build.0 = Release|Any CPU
	EndGlobalSection
	GlobalSection(SolutionProperties) = preSolution
		HideSolutionNode = FALSE
	EndGlobalSection
	GlobalSection(ExtensibilityGlobals) = postSolution
		SolutionGuid = {12A7356B-AB5C-43F8-A774-EEC7A124789B}
	EndGlobalSection
EndGlobal
